
Microsoft Visual Studio Solution File, Format Version 12.00
Project("{FAE04EC0-301F-11D3-BF4B-00C04F79EFBC}") = "Servo", "Servo\Servo.csproj", "{BC7EBBD3-C322-45C4-8205-9B10B7383C45}"
EndProject
Global
	GlobalSection(SolutionConfigurationPlatforms) = preSolution
		Debug|Any CPU = Debug|Any CPU
		Release|Any CPU = Release|Any CPU
	EndGlobalSection
	GlobalSection(ProjectConfigurationPlatforms) = postSolution
		{BC7EBBD3-C322-45C4-8205-9B10B7383C45}.Debug|Any CPU.ActiveCfg = Debug|Any CPU
		{BC7EBBD3-C322-45C4-8205-9B10B7383C45}.Debug|Any CPU.Build.0 = Debug|Any CPU
		{BC7EBBD3-C322-45C4-8205-9B10B7383C45}.Release|Any CPU.ActiveCfg = Release|Any CPU
		{BC7EBBD3-C322-45C4-8205-9B10B7383C45}.Release|Any CPU.Build.0 = Release|Any CPU
	EndGlobalSection
EndGlobal
